Microsoft Visual Studio Solution File, Format Version 12.00
# Visual Studio 2012
Project("{FAE04EC0-301F-11D3-BF4B-00C04F79EFBC}") = "Pong_Multiplayer", "Pong_Multiplayer.csproj", "{98A8A360-300F-4585-900A-65576D6F3DDD}"
EndProject
Global
	GlobalSection(SolutionConfigurationPlatforms) = preSolution
	Debug|Any CPU = Debug|Any CPU
	ExportDebug|Any CPU = ExportDebug|Any CPU
	ExportRelease|Any CPU = ExportRelease|Any CPU
	EndGlobalSection
	GlobalSection(ProjectConfigurationPlatforms) = postSolution
		{98A8A360-300F-4585-900A-65576D6F3DDD}.Debug|Any CPU.ActiveCfg = Debug|Any CPU
		{98A8A360-300F-4585-900A-65576D6F3DDD}.Debug|Any CPU.Build.0 = Debug|Any CPU
		{98A8A360-300F-4585-900A-65576D6F3DDD}.ExportDebug|Any CPU.ActiveCfg = ExportDebug|Any CPU
		{98A8A360-300F-4585-900A-65576D6F3DDD}.ExportDebug|Any CPU.Build.0 = ExportDebug|Any CPU
		{98A8A360-300F-4585-900A-65576D6F3DDD}.ExportRelease|Any CPU.ActiveCfg = ExportRelease|Any CPU
		{98A8A360-300F-4585-900A-65576D6F3DDD}.ExportRelease|Any CPU.Build.0 = ExportRelease|Any CPU
	EndGlobalSection
EndGlobal
